PODS:
  - Flutter (1.0.0)
  - flutter_sim_country_code (0.0.1):
    - Flutter

DEPENDENCIES:
  - Flutter (from `Flutter`)
  - flutter_sim_country_code (from `.symlinks/plugins/flutter_sim_country_code/ios`)

EXTERNAL SOURCES:
  Flutter:
    :path: Flutter
  flutter_sim_country_code:
    :path: ".symlinks/plugins/flutter_sim_country_code/ios"

SPEC CHECKSUMS:
  Flutter: 434fef37c0980e73bb6479ef766c45957d4b510c
  flutter_sim_country_code: 364e91e71f067cdec1dd1228eb4d1f13ab1a54e5

PODFILE CHECKSUM: 8e679eca47255a8ca8067c4c67aab20e64cb974d

COCOAPODS: 1.10.1
